
Microsoft Visual Studio Solution File, Format Version 12.00
# Visual Studio Version 16
VisualStudioVersion = 16.0.29905.134
MinimumVisualStudioVersion = 10.0.40219.1
Project("{9A19103F-16F7-4668-BE54-9A1E7A4F7556}") = "IoTeMidoServer", "IoTeMidoServer.csproj", "{91204C29-0984-4587-B65E-8F56268F2361}"
EndProject
Project("{2150E333-8FDC-42A3-9474-1A3956D46DE8}") = "0.1MENSAJES", "0.1MENSAJES", "{3DF8A5EC-E863-4316-9F4F-78349A718E03}"
EndProject
Project("{2150E333-8FDC-42A3-9474-1A3956D46DE8}") = "0.ENTIDADES", "0.ENTIDADES", "{224F2F0D-437B-4661-87E1-6313A4CB3CD3}"
EndProject
Project("{9A19103F-16F7-4668-BE54-9A1E7A4F7556}") = "ENTIDADESDLL", "..\ENTIDADESDLL\ENTIDADESDLL.csproj", "{A3ABCF1F-E899-4AF3-B7E2-9E4C9BFC2C23}"
EndProject
Project("{2150E333-8FDC-42A3-9474-1A3956D46DE8}") = "1.DATOS", "1.DATOS", "{A19D5933-5D04-41D2-9B19-B1414A1803D0}"
EndProject
Project("{9A19103F-16F7-4668-BE54-9A1E7A4F7556}") = "DATOSDLL", "..\DATOSDLL\DATOSDLL.csproj", "{1AD3FE6A-C653-4978-B228-7EF046724F71}"
EndProject
Project("{2150E333-8FDC-42A3-9474-1A3956D46DE8}") = "2.NEGOCIO", "2.NEGOCIO", "{3FE5CB98-B73D-42AC-8D9A-F3F8FBE27557}"
EndProject
Project("{9A19103F-16F7-4668-BE54-9A1E7A4F7556}") = "NEGOCIODLL", "..\NEGOCIODLL\NEGOCIODLL.csproj", "{99815155-2123-4483-922E-AC539E933EF9}"
EndProject
Project("{FAE04EC0-301F-11D3-BF4B-00C04F79EFBC}") = "MENSAJESDLL", "..\MENSAJESDLL\MENSAJESDLL.csproj", "{3CE04793-DC54-4808-99A7-CCFA0434CBCA}"
EndProject
Global
	GlobalSection(SolutionConfigurationPlatforms) = preSolution
		Debug|Any CPU = Debug|Any CPU
		Release|Any CPU = Release|Any CPU
	EndGlobalSection
	GlobalSection(ProjectConfigurationPlatforms) = postSolution
		{91204C29-0984-4587-B65E-8F56268F2361}.Debug|Any CPU.ActiveCfg = Debug|Any CPU
		{91204C29-0984-4587-B65E-8F56268F2361}.Debug|Any CPU.Build.0 = Debug|Any CPU
		{91204C29-0984-4587-B65E-8F56268F2361}.Release|Any CPU.ActiveCfg = Release|Any CPU
		{91204C29-0984-4587-B65E-8F56268F2361}.Release|Any CPU.Build.0 = Release|Any CPU
		{A3ABCF1F-E899-4AF3-B7E2-9E4C9BFC2C23}.Debug|Any CPU.ActiveCfg = Debug|Any CPU
		{A3ABCF1F-E899-4AF3-B7E2-9E4C9BFC2C23}.Debug|Any CPU.Build.0 = Debug|Any CPU
		{A3ABCF1F-E899-4AF3-B7E2-9E4C9BFC2C23}.Release|Any CPU.ActiveCfg = Release|Any CPU
		{A3ABCF1F-E899-4AF3-B7E2-9E4C9BFC2C23}.Release|Any CPU.Build.0 = Release|Any CPU
		{1AD3FE6A-C653-4978-B228-7EF046724F71}.Debug|Any CPU.ActiveCfg = Debug|Any CPU
		{1AD3FE6A-C653-4978-B228-7EF046724F71}.Debug|Any CPU.Build.0 = Debug|Any CPU
		{1AD3FE6A-C653-4978-B228-7EF046724F71}.Release|Any CPU.ActiveCfg = Release|Any CPU
		{1AD3FE6A-C653-4978-B228-7EF046724F71}.Release|Any CPU.Build.0 = Release|Any CPU
		{99815155-2123-4483-922E-AC539E933EF9}.Debug|Any CPU.ActiveCfg = Debug|Any CPU
		{99815155-2123-4483-922E-AC539E933EF9}.Debug|Any CPU.Build.0 = Debug|Any CPU
		{99815155-2123-4483-922E-AC539E933EF9}.Release|Any CPU.ActiveCfg = Release|Any CPU
		{99815155-2123-4483-922E-AC539E933EF9}.Release|Any CPU.Build.0 = Release|Any CPU
		{3CE04793-DC54-4808-99A7-CCFA0434CBCA}.Debug|Any CPU.ActiveCfg = Debug|Any CPU
		{3CE04793-DC54-4808-99A7-CCFA0434CBCA}.Debug|Any CPU.Build.0 = Debug|Any CPU
		{3CE04793-DC54-4808-99A7-CCFA0434CBCA}.Release|Any CPU.ActiveCfg = Release|Any CPU
		{3CE04793-DC54-4808-99A7-CCFA0434CBCA}.Release|Any CPU.Build.0 = Release|Any CPU
	EndGlobalSection
	GlobalSection(SolutionProperties) = preSolution
		HideSolutionNode = FALSE
	EndGlobalSection
	GlobalSection(NestedProjects) = preSolution
		{A3ABCF1F-E899-4AF3-B7E2-9E4C9BFC2C23} = {224F2F0D-437B-4661-87E1-6313A4CB3CD3}
		{1AD3FE6A-C653-4978-B228-7EF046724F71} = {A19D5933-5D04-41D2-9B19-B1414A1803D0}
		{99815155-2123-4483-922E-AC539E933EF9} = {3FE5CB98-B73D-42AC-8D9A-F3F8FBE27557}
		{3CE04793-DC54-4808-99A7-CCFA0434CBCA} = {3DF8A5EC-E863-4316-9F4F-78349A718E03}
	EndGlobalSection
	GlobalSection(ExtensibilityGlobals) = postSolution
		SolutionGuid = {048C55F6-0568-4D03-B3FE-1FAAFF4FB175}
	EndGlobalSection
EndGlobal
